
Microsoft Visual Studio Solution File, Format Version 12.00
# Visual Studio Version 16
VisualStudioVersion = 16.0.31729.503
MinimumVisualStudioVersion = 10.0.40219.1
Project("{FAE04EC0-301F-11D3-BF4B-00C04F79EFBC}") = "task4_2", "task4_2\task4_2.csproj", "{669A963A-DB71-4931-9F40-975E04FCA1A0}"
EndProject
Project("{FAE04EC0-301F-11D3-BF4B-00C04F79EFBC}") = "task4_1", "task4_1\task4_1.csproj", "{05F20920-BFDB-4D5F-96EC-B6B0501FE77C}"
EndProject
Global
	GlobalSection(SolutionConfigurationPlatforms) = preSolution
		Debug|Any CPU = Debug|Any CPU
		Release|Any CPU = Release|Any CPU
	EndGlobalSection
	GlobalSection(ProjectConfigurationPlatforms) = postSolution
		{669A963A-DB71-4931-9F40-975E04FCA1A0}.Debug|Any CPU.ActiveCfg = Debug|Any CPU
		{669A963A-DB71-4931-9F40-975E04FCA1A0}.Debug|Any CPU.Build.0 = Debug|Any CPU
		{669A963A-DB71-4931-9F40-975E04FCA1A0}.Release|Any CPU.ActiveCfg = Release|Any CPU
		{669A963A-DB71-4931-9F40-975E04FCA1A0}.Release|Any CPU.Build.0 = Release|Any CPU
		{05F20920-BFDB-4D5F-96EC-B6B0501FE77C}.Debug|Any CPU.ActiveCfg = Debug|Any CPU
		{05F20920-BFDB-4D5F-96EC-B6B0501FE77C}.Debug|Any CPU.Build.0 = Debug|Any CPU
		{05F20920-BFDB-4D5F-96EC-B6B0501FE77C}.Release|Any CPU.ActiveCfg = Release|Any CPU
		{05F20920-BFDB-4D5F-96EC-B6B0501FE77C}.Release|Any CPU.Build.0 = Release|Any CPU
	EndGlobalSection
	GlobalSection(SolutionProperties) = preSolution
		HideSolutionNode = FALSE
	EndGlobalSection
	GlobalSection(ExtensibilityGlobals) = postSolution
		SolutionGuid = {6270F93D-87E4-49B2-9408-CD97330B534D}
	EndGlobalSection
EndGlobal
