
Microsoft Visual Studio Solution File, Format Version 12.00
# Visual Studio Version 16
VisualStudioVersion = 16.0.31729.503
MinimumVisualStudioVersion = 10.0.40219.1
Project("{FAE04EC0-301F-11D3-BF4B-00C04F79EFBC}") = "task1_1", "task1_1\task1_1.csproj", "{496B3362-DA85-4AB6-830D-0E97028B27AB}"
EndProject
Project("{FAE04EC0-301F-11D3-BF4B-00C04F79EFBC}") = "task1_2", "task1_2\task1_2.csproj", "{94378DCF-874E-4900-BC49-6255D2FF8F79}"
EndProject
Project("{FAE04EC0-301F-11D3-BF4B-00C04F79EFBC}") = "task1_3", "task1_3\task1_3.csproj", "{E989CFC4-C6E8-402D-A3D3-CA3CE37883B4}"
EndProject
Global
	GlobalSection(SolutionConfigurationPlatforms) = preSolution
		Debug|Any CPU = Debug|Any CPU
		Release|Any CPU = Release|Any CPU
	EndGlobalSection
	GlobalSection(ProjectConfigurationPlatforms) = postSolution
		{496B3362-DA85-4AB6-830D-0E97028B27AB}.Debug|Any CPU.ActiveCfg = Debug|Any CPU
		{496B3362-DA85-4AB6-830D-0E97028B27AB}.Debug|Any CPU.Build.0 = Debug|Any CPU
		{496B3362-DA85-4AB6-830D-0E97028B27AB}.Release|Any CPU.ActiveCfg = Release|Any CPU
		{496B3362-DA85-4AB6-830D-0E97028B27AB}.Release|Any CPU.Build.0 = Release|Any CPU
		{94378DCF-874E-4900-BC49-6255D2FF8F79}.Debug|Any CPU.ActiveCfg = Debug|Any CPU
		{94378DCF-874E-4900-BC49-6255D2FF8F79}.Debug|Any CPU.Build.0 = Debug|Any CPU
		{94378DCF-874E-4900-BC49-6255D2FF8F79}.Release|Any CPU.ActiveCfg = Release|Any CPU
		{94378DCF-874E-4900-BC49-6255D2FF8F79}.Release|Any CPU.Build.0 = Release|Any CPU
		{E989CFC4-C6E8-402D-A3D3-CA3CE37883B4}.Debug|Any CPU.ActiveCfg = Debug|Any CPU
		{E989CFC4-C6E8-402D-A3D3-CA3CE37883B4}.Debug|Any CPU.Build.0 = Debug|Any CPU
		{E989CFC4-C6E8-402D-A3D3-CA3CE37883B4}.Release|Any CPU.ActiveCfg = Release|Any CPU
		{E989CFC4-C6E8-402D-A3D3-CA3CE37883B4}.Release|Any CPU.Build.0 = Release|Any CPU
	EndGlobalSection
	GlobalSection(SolutionProperties) = preSolution
		HideSolutionNode = FALSE
	EndGlobalSection
	GlobalSection(ExtensibilityGlobals) = postSolution
		SolutionGuid = {2410DA50-54E8-4592-8AFA-A7640FBDA3FD}
	EndGlobalSection
EndGlobal
