
Microsoft Visual Studio Solution File, Format Version 12.00
# Visual Studio Version 16
VisualStudioVersion = 16.0.31729.503
MinimumVisualStudioVersion = 10.0.40219.1
Project("{9A19103F-16F7-4668-BE54-9A1E7A4F7556}") = "task7_1", "task7_1\task7_1.csproj", "{6F0943C7-0C99-405C-9F42-912D15A16029}"
EndProject
Project("{FAE04EC0-301F-11D3-BF4B-00C04F79EFBC}") = "task7_2", "task7_2\task7_2.csproj", "{A64863EF-138E-44DA-9786-6E90500C902E}"
EndProject
Global
	GlobalSection(SolutionConfigurationPlatforms) = preSolution
		Debug|Any CPU = Debug|Any CPU
		Release|Any CPU = Release|Any CPU
	EndGlobalSection
	GlobalSection(ProjectConfigurationPlatforms) = postSolution
		{6F0943C7-0C99-405C-9F42-912D15A16029}.Debug|Any CPU.ActiveCfg = Debug|Any CPU
		{6F0943C7-0C99-405C-9F42-912D15A16029}.Debug|Any CPU.Build.0 = Debug|Any CPU
		{6F0943C7-0C99-405C-9F42-912D15A16029}.Release|Any CPU.ActiveCfg = Release|Any CPU
		{6F0943C7-0C99-405C-9F42-912D15A16029}.Release|Any CPU.Build.0 = Release|Any CPU
		{A64863EF-138E-44DA-9786-6E90500C902E}.Debug|Any CPU.ActiveCfg = Debug|Any CPU
		{A64863EF-138E-44DA-9786-6E90500C902E}.Debug|Any CPU.Build.0 = Debug|Any CPU
		{A64863EF-138E-44DA-9786-6E90500C902E}.Release|Any CPU.ActiveCfg = Release|Any CPU
		{A64863EF-138E-44DA-9786-6E90500C902E}.Release|Any CPU.Build.0 = Release|Any CPU
	EndGlobalSection
	GlobalSection(SolutionProperties) = preSolution
		HideSolutionNode = FALSE
	EndGlobalSection
	GlobalSection(ExtensibilityGlobals) = postSolution
		SolutionGuid = {EE130B32-45C9-417F-802E-D07131DB8F47}
	EndGlobalSection
EndGlobal
