
Microsoft Visual Studio Solution File, Format Version 12.00
# Visual Studio Version 16
VisualStudioVersion = 16.0.31729.503
MinimumVisualStudioVersion = 10.0.40219.1
Project("{9A19103F-16F7-4668-BE54-9A1E7A4F7556}") = "task8_1", "task8_1\task8_1.csproj", "{CBCCBCE5-CA0E-409A-9840-80664394FB66}"
EndProject
Project("{9A19103F-16F7-4668-BE54-9A1E7A4F7556}") = "task8_2", "task8_2\task8_2.csproj", "{5147ED0D-243C-4BF1-B417-7E8E8241B2BA}"
EndProject
Project("{9A19103F-16F7-4668-BE54-9A1E7A4F7556}") = "MyLib", "MyLib\MyLib.csproj", "{E8E98121-75EB-4097-BCC4-FA0346E1C167}"
EndProject
Global
	GlobalSection(SolutionConfigurationPlatforms) = preSolution
		Debug|Any CPU = Debug|Any CPU
		Release|Any CPU = Release|Any CPU
	EndGlobalSection
	GlobalSection(ProjectConfigurationPlatforms) = postSolution
		{CBCCBCE5-CA0E-409A-9840-80664394FB66}.Debug|Any CPU.ActiveCfg = Debug|Any CPU
		{CBCCBCE5-CA0E-409A-9840-80664394FB66}.Debug|Any CPU.Build.0 = Debug|Any CPU
		{CBCCBCE5-CA0E-409A-9840-80664394FB66}.Release|Any CPU.ActiveCfg = Release|Any CPU
		{CBCCBCE5-CA0E-409A-9840-80664394FB66}.Release|Any CPU.Build.0 = Release|Any CPU
		{5147ED0D-243C-4BF1-B417-7E8E8241B2BA}.Debug|Any CPU.ActiveCfg = Debug|Any CPU
		{5147ED0D-243C-4BF1-B417-7E8E8241B2BA}.Debug|Any CPU.Build.0 = Debug|Any CPU
		{5147ED0D-243C-4BF1-B417-7E8E8241B2BA}.Release|Any CPU.ActiveCfg = Release|Any CPU
		{5147ED0D-243C-4BF1-B417-7E8E8241B2BA}.Release|Any CPU.Build.0 = Release|Any CPU
		{E8E98121-75EB-4097-BCC4-FA0346E1C167}.Debug|Any CPU.ActiveCfg = Debug|Any CPU
		{E8E98121-75EB-4097-BCC4-FA0346E1C167}.Debug|Any CPU.Build.0 = Debug|Any CPU
		{E8E98121-75EB-4097-BCC4-FA0346E1C167}.Release|Any CPU.ActiveCfg = Release|Any CPU
		{E8E98121-75EB-4097-BCC4-FA0346E1C167}.Release|Any CPU.Build.0 = Release|Any CPU
	EndGlobalSection
	GlobalSection(SolutionProperties) = preSolution
		HideSolutionNode = FALSE
	EndGlobalSection
	GlobalSection(ExtensibilityGlobals) = postSolution
		SolutionGuid = {323D9617-D9A9-41C5-913E-65B562FEF1FB}
	EndGlobalSection
EndGlobal
